
Microsoft Visual Studio Solution File, Format Version 12.00
# Visual Studio Version 17
VisualStudioVersion = 17.0.32014.148
MinimumVisualStudioVersion = 10.0.40219.1
Project("{FAE04EC0-301F-11D3-BF4B-00C04F79EFBC}") = "retangulo", "retangulo\retangulo.csproj", "{F5EFEAF1-AD0A-488D-AE91-2740A20C3D2E}"
EndProject
Global
	GlobalSection(SolutionConfigurationPlatforms) = preSolution
		Debug|Any CPU = Debug|Any CPU
		Release|Any CPU = Release|Any CPU
	EndGlobalSection
	GlobalSection(ProjectConfigurationPlatforms) = postSolution
		{F5EFEAF1-AD0A-488D-AE91-2740A20C3D2E}.Debug|Any CPU.ActiveCfg = Debug|Any CPU
		{F5EFEAF1-AD0A-488D-AE91-2740A20C3D2E}.Debug|Any CPU.Build.0 = Debug|Any CPU
		{F5EFEAF1-AD0A-488D-AE91-2740A20C3D2E}.Release|Any CPU.ActiveCfg = Release|Any CPU
		{F5EFEAF1-AD0A-488D-AE91-2740A20C3D2E}.Release|Any CPU.Build.0 = Release|Any CPU
	EndGlobalSection
	GlobalSection(SolutionProperties) = preSolution
		HideSolutionNode = FALSE
	EndGlobalSection
	GlobalSection(ExtensibilityGlobals) = postSolution
		SolutionGuid = {BDE6F3C6-C51E-406D-9AA9-62631F6EC514}
	EndGlobalSection
EndGlobal
